
Microsoft Visual Studio Solution File, Format Version 12.00
# Visual Studio Version 17
VisualStudioVersion = 17.4.33205.214
MinimumVisualStudioVersion = 10.0.40219.1
Project("{9A19103F-16F7-4668-BE54-9A1E7A4F7556}") = "Hiof.DotNetCourse.V2023.Group14.APICommunicatorService", "Hiof.DotNetCourse.V2023.Group14.APICommunicatorService\Hiof.DotNetCourse.V2023.Group14.APICommunicatorService.csproj", "{4D992D22-80A0-424A-9177-7B742AD09FE5}"
EndProject
Project("{9A19103F-16F7-4668-BE54-9A1E7A4F7556}") = "APICommunicator.Tests", "APICommunicator.Tests\APICommunicator.Tests.csproj", "{393BDD5A-B8A9-462E-B5A2-E5CC7B56F045}"
EndProject
Project("{2150E333-8FDC-42A3-9474-1A3956D46DE8}") = "Tests", "Tests", "{4B9B2054-4D18-4BD3-ADAC-54B564AE5A8B}"
EndProject
Project("{2150E333-8FDC-42A3-9474-1A3956D46DE8}") = "Services", "Services", "{EA730EF2-3A7D-4C22-AB6B-722B60BADF26}"
EndProject
Project("{9A19103F-16F7-4668-BE54-9A1E7A4F7556}") = "Hiof.DotNetCourse.V2023.Group14.ClassLibrary", "Hiof.DotNetCourse.V2023.Group14.ClassLibrary\Hiof.DotNetCourse.V2023.Group14.ClassLibrary.csproj", "{1CB3B2C6-7728-4F02-AAC1-3766559FFDEB}"
EndProject
Project("{2150E333-8FDC-42A3-9474-1A3956D46DE8}") = "Models", "Models", "{31B89BC7-F2B1-4626-A9DA-C41C2A20F4F7}"
EndProject
Project("{9A19103F-16F7-4668-BE54-9A1E7A4F7556}") = "Hiof.DotNetCourse.V2023.Group14.UserAccountService", "Hiof.DotNetCourse.V2023.Group14.UserAccountService\Hiof.DotNetCourse.V2023.Group14.UserAccountService.csproj", "{DB4A1DDD-160A-431B-96AA-12D6E9949746}"
EndProject
Project("{9A19103F-16F7-4668-BE54-9A1E7A4F7556}") = "UserAccount.Tests", "UserAccount.Tests\UserAccount.Tests.csproj", "{0ADA4539-D39B-4E98-804B-EF9D38BBBE74}"
EndProject
Project("{9A19103F-16F7-4668-BE54-9A1E7A4F7556}") = "Hiof.DotNetCourse.V2023.Group14.LibraryCollectionService", "Hiof.DotNetCourse.V2023.Group14.LibraryCollectionService\Hiof.DotNetCourse.V2023.Group14.LibraryCollectionService.csproj", "{341F99D7-2F7D-41BF-AD1E-EC10BC83044F}"
EndProject
Project("{9A19103F-16F7-4668-BE54-9A1E7A4F7556}") = "Hiof.DotNetCourse.V2023.Group14.BackgroundTaskService", "Hiof.DotNetCourse.V2023.Group14.BackgroundTaskService\Hiof.DotNetCourse.V2023.Group14.BackgroundTaskService.csproj", "{A0BDACD1-7022-4F75-87EB-EA55B08CE605}"
EndProject
Project("{9A19103F-16F7-4668-BE54-9A1E7A4F7556}") = "LibraryCollection.Tests", "LibraryCollection.Tests\LibraryCollection.Tests.csproj", "{C34A6466-9CE6-4C26-AFF3-7FCDD676FE63}"
EndProject
Project("{9A19103F-16F7-4668-BE54-9A1E7A4F7556}") = "Hiof.DotNetCourse.V2023.Group14.ProxyService", "Hiof.DotNetCourse.V2023.Group14.ProxyService\Hiof.DotNetCourse.V2023.Group14.ProxyService.csproj", "{CCC582B5-0240-4B6E-B94B-0634119F9FFC}"
EndProject
Project("{2150E333-8FDC-42A3-9474-1A3956D46DE8}") = "Solution Items", "Solution Items", "{E3DE9EE8-4F8B-4425-B81B-6F88E63F2D96}"
	ProjectSection(SolutionItems) = preProject
		.editorconfig = .editorconfig
	EndProjectSection
EndProject
Project("{9A19103F-16F7-4668-BE54-9A1E7A4F7556}") = "Hiof.DotNetCourse.V2023.Group14.ReadingGoalService", "Hiof.DotNetCourse.V2023.Group14.ReadingGoalService\Hiof.DotNetCourse.V2023.Group14.ReadingGoalService.csproj", "{1BDD6D3D-2922-4529-8E80-49DE671E78AC}"
EndProject
Project("{9A19103F-16F7-4668-BE54-9A1E7A4F7556}") = "Hiof.DotNetCourse.V2023.Group14.UserDisplayPictureService", "Hiof.DotNetCourse.V2023.Group14.UserDisplayPictureService\Hiof.DotNetCourse.V2023.Group14.UserDisplayPictureService.csproj", "{49FEB901-F5DE-4586-9ECD-CF15E6BB9E9A}"
	ProjectSection(ProjectDependencies) = postProject
		{1CB3B2C6-7728-4F02-AAC1-3766559FFDEB} = {1CB3B2C6-7728-4F02-AAC1-3766559FFDEB}
	EndProjectSection
EndProject
Project("{9A19103F-16F7-4668-BE54-9A1E7A4F7556}") = "ReadingGoals.Tests", "ReadingGoals.Tests\ReadingGoals.Tests.csproj", "{89702CF1-4FCD-480A-940F-86D798FAA8B9}"
EndProject
Project("{9A19103F-16F7-4668-BE54-9A1E7A4F7556}") = "Proxy.Tests", "Proxy.Tests\Proxy.Tests.csproj", "{7E4BD866-ED07-41E6-8E2D-F9E2D01576FB}"
EndProject
Project("{9A19103F-16F7-4668-BE54-9A1E7A4F7556}") = "Hiof.DotNetCourse.V2023.Group14.MessagingService", "Hiof.DotNetCourse.V2023.Group14.MessagingService\Hiof.DotNetCourse.V2023.Group14.MessagingService.csproj", "{9106DDAB-FCEA-4F03-82A7-83070BFCFD09}"
EndProject
Project("{9A19103F-16F7-4668-BE54-9A1E7A4F7556}") = "MessagingTests", "MessagingTests\MessagingTests.csproj", "{615B6F59-2E13-4F81-9EEC-5C6F89A9D2DE}"
EndProject
Project("{9A19103F-16F7-4668-BE54-9A1E7A4F7556}") = "Hiof.DotNetCourse.V2023.Group14.CommentService", "Hiof.DotNetCourse.V2023.Group14.CommentService\Hiof.DotNetCourse.V2023.Group14.CommentService.csproj", "{C2F537D8-4189-4E25-8334-DE7CBCBA60A0}"
EndProject
Project("{9A19103F-16F7-4668-BE54-9A1E7A4F7556}") = "Hiof.DotNetCourse.V2023.Group14.MarketplaceService", "Hiof.DotNetCourse.V2023.Group14.MarketplaceService\Hiof.DotNetCourse.V2023.Group14.MarketplaceService.csproj", "{1258C93B-931D-412C-9FC2-E51E103E9ADC}"
EndProject
Project("{9A19103F-16F7-4668-BE54-9A1E7A4F7556}") = "MarketplaceTests", "MarketplaceTests\MarketplaceTests.csproj", "{5A401ADB-C832-4F03-AC1D-9BAD9040707C}"
EndProject
Project("{9A19103F-16F7-4668-BE54-9A1E7A4F7556}") = "DisplayPicture.Tests", "DisplayPicture.Tests\DisplayPicture.Tests.csproj", "{69CA39F7-AD70-4036-9865-F61FC36B8009}"
EndProject
Project("{9A19103F-16F7-4668-BE54-9A1E7A4F7556}") = "Hiof.DotNetCourse.V2023.Group14.BookAppMaui", "Hiof.DotNetCourse.V2023.Group14.BookAppMaui\Hiof.DotNetCourse.V2023.Group14.BookAppMaui.csproj", "{53AD5BA6-E2BF-4BF2-A21B-EB863FB8866B}"
EndProject
Project("{9A19103F-16F7-4668-BE54-9A1E7A4F7556}") = "CommentServiceTests", "CommentService.Tests\CommentServiceTests.csproj", "{5C0D3B42-D1C6-43B5-B844-47027BEE876B}"
	ProjectSection(ProjectDependencies) = postProject
		{1CB3B2C6-7728-4F02-AAC1-3766559FFDEB} = {1CB3B2C6-7728-4F02-AAC1-3766559FFDEB}
		{C2F537D8-4189-4E25-8334-DE7CBCBA60A0} = {C2F537D8-4189-4E25-8334-DE7CBCBA60A0}
	EndProjectSection
EndProject
Global
	GlobalSection(SolutionConfigurationPlatforms) = preSolution
		Debug|Any CPU = Debug|Any CPU
		Release|Any CPU = Release|Any CPU
	EndGlobalSection
	GlobalSection(ProjectConfigurationPlatforms) = postSolution
		{4D992D22-80A0-424A-9177-7B742AD09FE5}.Debug|Any CPU.ActiveCfg = Debug|Any CPU
		{4D992D22-80A0-424A-9177-7B742AD09FE5}.Debug|Any CPU.Build.0 = Debug|Any CPU
		{4D992D22-80A0-424A-9177-7B742AD09FE5}.Release|Any CPU.ActiveCfg = Release|Any CPU
		{4D992D22-80A0-424A-9177-7B742AD09FE5}.Release|Any CPU.Build.0 = Release|Any CPU
		{393BDD5A-B8A9-462E-B5A2-E5CC7B56F045}.Debug|Any CPU.ActiveCfg = Debug|Any CPU
		{393BDD5A-B8A9-462E-B5A2-E5CC7B56F045}.Debug|Any CPU.Build.0 = Debug|Any CPU
		{393BDD5A-B8A9-462E-B5A2-E5CC7B56F045}.Release|Any CPU.ActiveCfg = Release|Any CPU
		{393BDD5A-B8A9-462E-B5A2-E5CC7B56F045}.Release|Any CPU.Build.0 = Release|Any CPU
		{1CB3B2C6-7728-4F02-AAC1-3766559FFDEB}.Debug|Any CPU.ActiveCfg = Debug|Any CPU
		{1CB3B2C6-7728-4F02-AAC1-3766559FFDEB}.Debug|Any CPU.Build.0 = Debug|Any CPU
		{1CB3B2C6-7728-4F02-AAC1-3766559FFDEB}.Release|Any CPU.ActiveCfg = Release|Any CPU
		{1CB3B2C6-7728-4F02-AAC1-3766559FFDEB}.Release|Any CPU.Build.0 = Release|Any CPU
		{DB4A1DDD-160A-431B-96AA-12D6E9949746}.Debug|Any CPU.ActiveCfg = Debug|Any CPU
		{DB4A1DDD-160A-431B-96AA-12D6E9949746}.Debug|Any CPU.Build.0 = Debug|Any CPU
		{DB4A1DDD-160A-431B-96AA-12D6E9949746}.Release|Any CPU.ActiveCfg = Release|Any CPU
		{DB4A1DDD-160A-431B-96AA-12D6E9949746}.Release|Any CPU.Build.0 = Release|Any CPU
		{0ADA4539-D39B-4E98-804B-EF9D38BBBE74}.Debug|Any CPU.ActiveCfg = Debug|Any CPU
		{0ADA4539-D39B-4E98-804B-EF9D38BBBE74}.Debug|Any CPU.Build.0 = Debug|Any CPU
		{0ADA4539-D39B-4E98-804B-EF9D38BBBE74}.Release|Any CPU.ActiveCfg = Release|Any CPU
		{0ADA4539-D39B-4E98-804B-EF9D38BBBE74}.Release|Any CPU.Build.0 = Release|Any CPU
		{341F99D7-2F7D-41BF-AD1E-EC10BC83044F}.Debug|Any CPU.ActiveCfg = Debug|Any CPU
		{341F99D7-2F7D-41BF-AD1E-EC10BC83044F}.Debug|Any CPU.Build.0 = Debug|Any CPU
		{341F99D7-2F7D-41BF-AD1E-EC10BC83044F}.Release|Any CPU.ActiveCfg = Release|Any CPU
		{341F99D7-2F7D-41BF-AD1E-EC10BC83044F}.Release|Any CPU.Build.0 = Release|Any CPU
		{A0BDACD1-7022-4F75-87EB-EA55B08CE605}.Debug|Any CPU.ActiveCfg = Debug|Any CPU
		{A0BDACD1-7022-4F75-87EB-EA55B08CE605}.Debug|Any CPU.Build.0 = Debug|Any CPU
		{A0BDACD1-7022-4F75-87EB-EA55B08CE605}.Release|Any CPU.ActiveCfg = Release|Any CPU
		{A0BDACD1-7022-4F75-87EB-EA55B08CE605}.Release|Any CPU.Build.0 = Release|Any CPU
		{C34A6466-9CE6-4C26-AFF3-7FCDD676FE63}.Debug|Any CPU.ActiveCfg = Debug|Any CPU
		{C34A6466-9CE6-4C26-AFF3-7FCDD676FE63}.Debug|Any CPU.Build.0 = Debug|Any CPU
		{C34A6466-9CE6-4C26-AFF3-7FCDD676FE63}.Release|Any CPU.ActiveCfg = Release|Any CPU
		{C34A6466-9CE6-4C26-AFF3-7FCDD676FE63}.Release|Any CPU.Build.0 = Release|Any CPU
		{CCC582B5-0240-4B6E-B94B-0634119F9FFC}.Debug|Any CPU.ActiveCfg = Debug|Any CPU
		{CCC582B5-0240-4B6E-B94B-0634119F9FFC}.Debug|Any CPU.Build.0 = Debug|Any CPU
		{CCC582B5-0240-4B6E-B94B-0634119F9FFC}.Release|Any CPU.ActiveCfg = Release|Any CPU
		{CCC582B5-0240-4B6E-B94B-0634119F9FFC}.Release|Any CPU.Build.0 = Release|Any CPU
		{1BDD6D3D-2922-4529-8E80-49DE671E78AC}.Debug|Any CPU.ActiveCfg = Debug|Any CPU
		{1BDD6D3D-2922-4529-8E80-49DE671E78AC}.Debug|Any CPU.Build.0 = Debug|Any CPU
		{1BDD6D3D-2922-4529-8E80-49DE671E78AC}.Release|Any CPU.ActiveCfg = Release|Any CPU
		{1BDD6D3D-2922-4529-8E80-49DE671E78AC}.Release|Any CPU.Build.0 = Release|Any CPU
		{49FEB901-F5DE-4586-9ECD-CF15E6BB9E9A}.Debug|Any CPU.ActiveCfg = Debug|Any CPU
		{49FEB901-F5DE-4586-9ECD-CF15E6BB9E9A}.Debug|Any CPU.Build.0 = Debug|Any CPU
		{49FEB901-F5DE-4586-9ECD-CF15E6BB9E9A}.Release|Any CPU.ActiveCfg = Release|Any CPU
		{49FEB901-F5DE-4586-9ECD-CF15E6BB9E9A}.Release|Any CPU.Build.0 = Release|Any CPU
		{89702CF1-4FCD-480A-940F-86D798FAA8B9}.Debug|Any CPU.ActiveCfg = Debug|Any CPU
		{89702CF1-4FCD-480A-940F-86D798FAA8B9}.Debug|Any CPU.Build.0 = Debug|Any CPU
		{89702CF1-4FCD-480A-940F-86D798FAA8B9}.Release|Any CPU.ActiveCfg = Release|Any CPU
		{89702CF1-4FCD-480A-940F-86D798FAA8B9}.Release|Any CPU.Build.0 = Release|Any CPU
		{7E4BD866-ED07-41E6-8E2D-F9E2D01576FB}.Debug|Any CPU.ActiveCfg = Debug|Any CPU
		{7E4BD866-ED07-41E6-8E2D-F9E2D01576FB}.Debug|Any CPU.Build.0 = Debug|Any CPU
		{7E4BD866-ED07-41E6-8E2D-F9E2D01576FB}.Release|Any CPU.ActiveCfg = Release|Any CPU
		{7E4BD866-ED07-41E6-8E2D-F9E2D01576FB}.Release|Any CPU.Build.0 = Release|Any CPU
		{9106DDAB-FCEA-4F03-82A7-83070BFCFD09}.Debug|Any CPU.ActiveCfg = Debug|Any CPU
		{9106DDAB-FCEA-4F03-82A7-83070BFCFD09}.Debug|Any CPU.Build.0 = Debug|Any CPU
		{9106DDAB-FCEA-4F03-82A7-83070BFCFD09}.Release|Any CPU.ActiveCfg = Release|Any CPU
		{9106DDAB-FCEA-4F03-82A7-83070BFCFD09}.Release|Any CPU.Build.0 = Release|Any CPU
		{615B6F59-2E13-4F81-9EEC-5C6F89A9D2DE}.Debug|Any CPU.ActiveCfg = Debug|Any CPU
		{615B6F59-2E13-4F81-9EEC-5C6F89A9D2DE}.Debug|Any CPU.Build.0 = Debug|Any CPU
		{615B6F59-2E13-4F81-9EEC-5C6F89A9D2DE}.Release|Any CPU.ActiveCfg = Release|Any CPU
		{615B6F59-2E13-4F81-9EEC-5C6F89A9D2DE}.Release|Any CPU.Build.0 = Release|Any CPU
		{C2F537D8-4189-4E25-8334-DE7CBCBA60A0}.Debug|Any CPU.ActiveCfg = Debug|Any CPU
		{C2F537D8-4189-4E25-8334-DE7CBCBA60A0}.Debug|Any CPU.Build.0 = Debug|Any CPU
		{C2F537D8-4189-4E25-8334-DE7CBCBA60A0}.Release|Any CPU.ActiveCfg = Release|Any CPU
		{C2F537D8-4189-4E25-8334-DE7CBCBA60A0}.Release|Any CPU.Build.0 = Release|Any CPU
		{1258C93B-931D-412C-9FC2-E51E103E9ADC}.Debug|Any CPU.ActiveCfg = Debug|Any CPU
		{1258C93B-931D-412C-9FC2-E51E103E9ADC}.Debug|Any CPU.Build.0 = Debug|Any CPU
		{1258C93B-931D-412C-9FC2-E51E103E9ADC}.Release|Any CPU.ActiveCfg = Release|Any CPU
		{1258C93B-931D-412C-9FC2-E51E103E9ADC}.Release|Any CPU.Build.0 = Release|Any CPU
		{5A401ADB-C832-4F03-AC1D-9BAD9040707C}.Debug|Any CPU.ActiveCfg = Debug|Any CPU
		{5A401ADB-C832-4F03-AC1D-9BAD9040707C}.Debug|Any CPU.Build.0 = Debug|Any CPU
		{5A401ADB-C832-4F03-AC1D-9BAD9040707C}.Release|Any CPU.ActiveCfg = Release|Any CPU
		{5A401ADB-C832-4F03-AC1D-9BAD9040707C}.Release|Any CPU.Build.0 = Release|Any CPU
		{69CA39F7-AD70-4036-9865-F61FC36B8009}.Debug|Any CPU.ActiveCfg = Debug|Any CPU
		{69CA39F7-AD70-4036-9865-F61FC36B8009}.Debug|Any CPU.Build.0 = Debug|Any CPU
		{69CA39F7-AD70-4036-9865-F61FC36B8009}.Release|Any CPU.ActiveCfg = Release|Any CPU
		{69CA39F7-AD70-4036-9865-F61FC36B8009}.Release|Any CPU.Build.0 = Release|Any CPU
		{53AD5BA6-E2BF-4BF2-A21B-EB863FB8866B}.Debug|Any CPU.ActiveCfg = Debug|Any CPU
		{53AD5BA6-E2BF-4BF2-A21B-EB863FB8866B}.Debug|Any CPU.Build.0 = Debug|Any CPU
		{53AD5BA6-E2BF-4BF2-A21B-EB863FB8866B}.Debug|Any CPU.Deploy.0 = Debug|Any CPU
		{53AD5BA6-E2BF-4BF2-A21B-EB863FB8866B}.Release|Any CPU.ActiveCfg = Release|Any CPU
		{53AD5BA6-E2BF-4BF2-A21B-EB863FB8866B}.Release|Any CPU.Build.0 = Release|Any CPU
		{53AD5BA6-E2BF-4BF2-A21B-EB863FB8866B}.Release|Any CPU.Deploy.0 = Release|Any CPU
		{5C0D3B42-D1C6-43B5-B844-47027BEE876B}.Debug|Any CPU.ActiveCfg = Debug|Any CPU
		{5C0D3B42-D1C6-43B5-B844-47027BEE876B}.Debug|Any CPU.Build.0 = Debug|Any CPU
		{5C0D3B42-D1C6-43B5-B844-47027BEE876B}.Release|Any CPU.ActiveCfg = Release|Any CPU
		{5C0D3B42-D1C6-43B5-B844-47027BEE876B}.Release|Any CPU.Build.0 = Release|Any CPU
	EndGlobalSection
	GlobalSection(SolutionProperties) = preSolution
		HideSolutionNode = FALSE
	EndGlobalSection
	GlobalSection(NestedProjects) = preSolution
		{4D992D22-80A0-424A-9177-7B742AD09FE5} = {EA730EF2-3A7D-4C22-AB6B-722B60BADF26}
		{393BDD5A-B8A9-462E-B5A2-E5CC7B56F045} = {4B9B2054-4D18-4BD3-ADAC-54B564AE5A8B}
		{1CB3B2C6-7728-4F02-AAC1-3766559FFDEB} = {31B89BC7-F2B1-4626-A9DA-C41C2A20F4F7}
		{DB4A1DDD-160A-431B-96AA-12D6E9949746} = {EA730EF2-3A7D-4C22-AB6B-722B60BADF26}
		{0ADA4539-D39B-4E98-804B-EF9D38BBBE74} = {4B9B2054-4D18-4BD3-ADAC-54B564AE5A8B}
		{341F99D7-2F7D-41BF-AD1E-EC10BC83044F} = {EA730EF2-3A7D-4C22-AB6B-722B60BADF26}
		{A0BDACD1-7022-4F75-87EB-EA55B08CE605} = {EA730EF2-3A7D-4C22-AB6B-722B60BADF26}
		{C34A6466-9CE6-4C26-AFF3-7FCDD676FE63} = {4B9B2054-4D18-4BD3-ADAC-54B564AE5A8B}
		{CCC582B5-0240-4B6E-B94B-0634119F9FFC} = {EA730EF2-3A7D-4C22-AB6B-722B60BADF26}
		{1BDD6D3D-2922-4529-8E80-49DE671E78AC} = {EA730EF2-3A7D-4C22-AB6B-722B60BADF26}
		{49FEB901-F5DE-4586-9ECD-CF15E6BB9E9A} = {EA730EF2-3A7D-4C22-AB6B-722B60BADF26}
		{89702CF1-4FCD-480A-940F-86D798FAA8B9} = {4B9B2054-4D18-4BD3-ADAC-54B564AE5A8B}
		{7E4BD866-ED07-41E6-8E2D-F9E2D01576FB} = {4B9B2054-4D18-4BD3-ADAC-54B564AE5A8B}
		{9106DDAB-FCEA-4F03-82A7-83070BFCFD09} = {EA730EF2-3A7D-4C22-AB6B-722B60BADF26}
		{615B6F59-2E13-4F81-9EEC-5C6F89A9D2DE} = {4B9B2054-4D18-4BD3-ADAC-54B564AE5A8B}
		{C2F537D8-4189-4E25-8334-DE7CBCBA60A0} = {EA730EF2-3A7D-4C22-AB6B-722B60BADF26}
		{1258C93B-931D-412C-9FC2-E51E103E9ADC} = {EA730EF2-3A7D-4C22-AB6B-722B60BADF26}
		{5A401ADB-C832-4F03-AC1D-9BAD9040707C} = {4B9B2054-4D18-4BD3-ADAC-54B564AE5A8B}
		{69CA39F7-AD70-4036-9865-F61FC36B8009} = {4B9B2054-4D18-4BD3-ADAC-54B564AE5A8B}
		{53AD5BA6-E2BF-4BF2-A21B-EB863FB8866B} = {EA730EF2-3A7D-4C22-AB6B-722B60BADF26}
		{5C0D3B42-D1C6-43B5-B844-47027BEE876B} = {4B9B2054-4D18-4BD3-ADAC-54B564AE5A8B}
	EndGlobalSection
	GlobalSection(ExtensibilityGlobals) = postSolution
		SolutionGuid = {96890292-801C-4299-8C07-E008A6411CBF}
	EndGlobalSection
EndGlobal
